
Microsoft Visual Studio Solution File, Format Version 12.00
# Visual Studio Version 16
VisualStudioVersion = 16.0.31605.320
MinimumVisualStudioVersion = 10.0.40219.1
Project("{FAE04EC0-301F-11D3-BF4B-00C04F79EFBC}") = "CoreAPI.API", "CoreAPI.API\CoreAPI.API.csproj", "{51AFF94E-7D3D-47AA-B99A-931CF92105B2}"
EndProject
Global
	GlobalSection(SolutionConfigurationPlatforms) = preSolution
		Debug|Any CPU = Debug|Any CPU
		Release|Any CPU = Release|Any CPU
	EndGlobalSection
	GlobalSection(ProjectConfigurationPlatforms) = postSolution
		{51AFF94E-7D3D-47AA-B99A-931CF92105B2}.Debug|Any CPU.ActiveCfg = Debug|Any CPU
		{51AFF94E-7D3D-47AA-B99A-931CF92105B2}.Debug|Any CPU.Build.0 = Debug|Any CPU
		{51AFF94E-7D3D-47AA-B99A-931CF92105B2}.Release|Any CPU.ActiveCfg = Release|Any CPU
		{51AFF94E-7D3D-47AA-B99A-931CF92105B2}.Release|Any CPU.Build.0 = Release|Any CPU
	EndGlobalSection
	GlobalSection(SolutionProperties) = preSolution
		HideSolutionNode = FALSE
	EndGlobalSection
	GlobalSection(ExtensibilityGlobals) = postSolution
		SolutionGuid = {95282D57-E148-438A-AA96-390BD2754408}
	EndGlobalSection
EndGlobal
